
Microsoft Visual Studio Solution File, Format Version 12.00
# Visual Studio Version 17
VisualStudioVersion = 17.3.32929.385
MinimumVisualStudioVersion = 10.0.40219.1
Project("{FAE04EC0-301F-11D3-BF4B-00C04F79EFBC}") = "kojin_0H05042", "kojin_0H05042\kojin_0H05042.csproj", "{46EE1048-5C89-4D06-95DC-0DBE726BEFEA}"
EndProject
Global
	GlobalSection(SolutionConfigurationPlatforms) = preSolution
		Debug|Any CPU = Debug|Any CPU
		Release|Any CPU = Release|Any CPU
	EndGlobalSection
	GlobalSection(ProjectConfigurationPlatforms) = postSolution
		{46EE1048-5C89-4D06-95DC-0DBE726BEFEA}.Debug|Any CPU.ActiveCfg = Debug|Any CPU
		{46EE1048-5C89-4D06-95DC-0DBE726BEFEA}.Debug|Any CPU.Build.0 = Debug|Any CPU
		{46EE1048-5C89-4D06-95DC-0DBE726BEFEA}.Release|Any CPU.ActiveCfg = Release|Any CPU
		{46EE1048-5C89-4D06-95DC-0DBE726BEFEA}.Release|Any CPU.Build.0 = Release|Any CPU
	EndGlobalSection
	GlobalSection(SolutionProperties) = preSolution
		HideSolutionNode = FALSE
	EndGlobalSection
	GlobalSection(ExtensibilityGlobals) = postSolution
		SolutionGuid = {715828A3-5002-4D15-90BA-BE3B212CA46C}
	EndGlobalSection
EndGlobal
